// !$*UTF8*$!
{
	archiveVersion = 1;
	classes = {
	};
	objectVersion = 77;
	objects = {

/* Begin PBXBuildFile section */
		B5EBFA220F343CCDA967D38E /* Security.framework in Frameworks */ = {isa = PBXBuildFile; fileRef = B9E6E8F188C9E959E022E0E7 /* Security.framework */; };
		B8D1E406A460C00A66C8C000 /* QuartzCore.framework in Frameworks */ = {isa = PBXBuildFile; fileRef = DF880B42783ACD0FD2BDB5CE /* QuartzCore.framework */; };
		F52D76935E54071A2E88A540 /* ContentView.swift in Sources */ = {isa = PBXBuildFile; fileRef = 75CDA2811D51D3A1253B1002 /* ContentView.swift */; };
		511E740C5D3601E5C2B3C630 /* GameLibrary.swift in Sources */ = {isa = PBXBuildFile; fileRef = E6C37C2F67B5720C9C69FD4B /* GameLibrary.swift */; };
		37F93A2A0FFE067C79D58FA0 /* LauncherMain.swift in Sources */ = {isa = PBXBuildFile; fileRef = B53DE7D29B7E10C8395458E4 /* LauncherMain.swift */; };
		9687E1873EE4200AFCB8D73E /* AppKit.framework in Frameworks */ = {isa = PBXBuildFile; fileRef = 37258424B089EA27D1638170 /* AppKit.framework */; };
		85E1DCBAD12FEEE9FFE48924 /* SiglusLauncherApp.swift in Sources */ = {isa = PBXBuildFile; fileRef = 84BFEAE0D3B12104EE4158BB /* SiglusLauncherApp.swift */; };
		B533A3DBA1B981530A4A560B /* Metal.framework in Frameworks */ = {isa = PBXBuildFile; fileRef = 58CAF8E0340D9FBD829DF5AA /* Metal.framework */; };
		33E5309FC37CCC4316AC2C31 /* Siglus.icns in Resources */ = {isa = PBXBuildFile; fileRef = 74CC0D1F00D527E9FC719560 /* Siglus.icns */; };
		23EDBEB5EDB54653900CD81E /* SwiftUI.framework in Frameworks */ = {isa = PBXBuildFile; fileRef = 7334995F00595A2B30E875F6 /* SwiftUI.framework */; };
/* End PBXBuildFile section */

/* Begin PBXFileReference section */
		2464055F7E6B62F18F54FDA7 /* Info.plist */ = {isa = PBXFileReference; lastKnownFileType = text.plist; path = Info.plist; sourceTree = "<group>"; };
		7334995F00595A2B30E875F6 /* SwiftUI.framework */ = {isa = PBXFileReference; lastKnownFileType = wrapper.framework; name = SwiftUI.framework; path = System/Library/Frameworks/SwiftUI.framework; sourceTree = SDKROOT; };
		B9E6E8F188C9E959E022E0E7 /* Security.framework */ = {isa = PBXFileReference; lastKnownFileType = wrapper.framework; name = Security.framework; path = System/Library/Frameworks/Security.framework; sourceTree = SDKROOT; };
		75CDA2811D51D3A1253B1002 /* ContentView.swift */ = {isa = PBXFileReference; lastKnownFileType = sourcecode.swift; path = ContentView.swift; sourceTree = "<group>"; };
		58CAF8E0340D9FBD829DF5AA /* Metal.framework */ = {isa = PBXFileReference; lastKnownFileType = wrapper.framework; name = Metal.framework; path = System/Library/Frameworks/Metal.framework; sourceTree = SDKROOT; };
		9AF38674155616EBCC58D78B /* Siglus.app */ = {isa = PBXFileReference; explicitFileType = wrapper.application; includeInIndex = 0; path = Siglus.app; sourceTree = BUILT_PRODUCTS_DIR; };
		74CC0D1F00D527E9FC719560 /* Siglus.icns */ = {isa = PBXFileReference; lastKnownFileType = image.icns; path = Siglus.icns; sourceTree = "<group>"; };
		E6C37C2F67B5720C9C69FD4B /* GameLibrary.swift */ = {isa = PBXFileReference; lastKnownFileType = sourcecode.swift; path = GameLibrary.swift; sourceTree = "<group>"; };
		37258424B089EA27D1638170 /* AppKit.framework */ = {isa = PBXFileReference; lastKnownFileType = wrapper.framework; name = AppKit.framework; path = System/Library/Frameworks/AppKit.framework; sourceTree = SDKROOT; };
		DF880B42783ACD0FD2BDB5CE /* QuartzCore.framework */ = {isa = PBXFileReference; lastKnownFileType = wrapper.framework; name = QuartzCore.framework; path = System/Library/Frameworks/QuartzCore.framework; sourceTree = SDKROOT; };
		84BFEAE0D3B12104EE4158BB /* SiglusLauncherApp.swift */ = {isa = PBXFileReference; lastKnownFileType = sourcecode.swift; path = SiglusLauncherApp.swift; sourceTree = "<group>"; };
		B53DE7D29B7E10C8395458E4 /* LauncherMain.swift */ = {isa = PBXFileReference; lastKnownFileType = sourcecode.swift; path = LauncherMain.swift; sourceTree = "<group>"; };
/* End PBXFileReference section */

/* Begin PBXFrameworksBuildPhase section */
		D819749CB198F698AC5ACE3C /* Frameworks */ = {
			isa = PBXFrameworksBuildPhase;
			buildActionMask = 2147483647;
			files = (
				9687E1873EE4200AFCB8D73E /* AppKit.framework in Frameworks */,
				23EDBEB5EDB54653900CD81E /* SwiftUI.framework in Frameworks */,
				B5EBFA220F343CCDA967D38E /* Security.framework in Frameworks */,
				B533A3DBA1B981530A4A560B /* Metal.framework in Frameworks */,
				B8D1E406A460C00A66C8C000 /* QuartzCore.framework in Frameworks */,
			);
			runOnlyForDeploymentPostprocessing = 0;
		};
/* End PBXFrameworksBuildPhase section */

/* Begin PBXGroup section */
		7C8ACEC939D4705040704998 /* SiglusLauncher */ = {
			isa = PBXGroup;
			children = (
				75CDA2811D51D3A1253B1002 /* ContentView.swift */,
				E6C37C2F67B5720C9C69FD4B /* GameLibrary.swift */,
				2464055F7E6B62F18F54FDA7 /* Info.plist */,
				B53DE7D29B7E10C8395458E4 /* LauncherMain.swift */,
				84BFEAE0D3B12104EE4158BB /* SiglusLauncherApp.swift */,
				0FF2132BA791EE815AA31C31 /* Resources */,
			);
			path = SiglusLauncher;
			sourceTree = "<group>";
		};
		C00B8460A256A3AE11FA7510 /* Frameworks */ = {
			isa = PBXGroup;
			children = (
				37258424B089EA27D1638170 /* AppKit.framework */,
				58CAF8E0340D9FBD829DF5AA /* Metal.framework */,
				DF880B42783ACD0FD2BDB5CE /* QuartzCore.framework */,
				B9E6E8F188C9E959E022E0E7 /* Security.framework */,
				7334995F00595A2B30E875F6 /* SwiftUI.framework */,
			);
			name = Frameworks;
			sourceTree = "<group>";
		};
		B9F1EF4480F3D1A81ED49953 = {
			isa = PBXGroup;
			children = (
				7C8ACEC939D4705040704998 /* SiglusLauncher */,
				C00B8460A256A3AE11FA7510 /* Frameworks */,
				CDA3EEBC4F539547E1CCCF47 /* Products */,
			);
			sourceTree = "<group>";
		};
		0FF2132BA791EE815AA31C31 /* Resources */ = {
			isa = PBXGroup;
			children = (
				74CC0D1F00D527E9FC719560 /* Siglus.icns */,
			);
			path = Resources;
			sourceTree = "<group>";
		};
		CDA3EEBC4F539547E1CCCF47 /* Products */ = {
			isa = PBXGroup;
			children = (
				9AF38674155616EBCC58D78B /* Siglus.app */,
			);
			name = Products;
			sourceTree = "<group>";
		};
/* End PBXGroup section */

/* Begin PBXNativeTarget section */
		35458862591F557AB1649DF8 /* SiglusLauncher */ = {
			isa = PBXNativeTarget;
			buildConfigurationList = A82EAE51351E9EA8291E8CD2 /* Build configuration list for PBXNativeTarget "SiglusLauncher" */;
			buildPhases = (
				383F6DD1F2A03BD3ECC87158 /* Sources */,
				551C838739EF2893BEA5EF37 /* Resources */,
				D819749CB198F698AC5ACE3C /* Frameworks */,
			);
			buildRules = (
			);
			dependencies = (
			);
			name = SiglusLauncher;
			packageProductDependencies = (
			);
			productName = SiglusLauncher;
			productReference = 9AF38674155616EBCC58D78B /* Siglus.app */;
			productType = "com.apple.product-type.application";
		};
/* End PBXNativeTarget section */

/* Begin PBXProject section */
		FCFFB13A245126C2448DD1A7 /* Project object */ = {
			isa = PBXProject;
			attributes = {
				BuildIndependentTargetsInParallel = YES;
				LastUpgradeCheck = 1430;
			};
			buildConfigurationList = 5EDC7DF16CD79B0B7A302FAE /* Build configuration list for PBXProject "SiglusLauncher" */;
			compatibilityVersion = "Xcode 14.0";
			developmentRegion = en;
			hasScannedForEncodings = 0;
			knownRegions = (
				Base,
				en,
			);
			mainGroup = B9F1EF4480F3D1A81ED49953;
			minimizedProjectReferenceProxies = 1;
			preferredProjectObjectVersion = 77;
			projectDirPath = "";
			projectRoot = "";
			targets = (
				35458862591F557AB1649DF8 /* SiglusLauncher */,
			);
		};
/* End PBXProject section */

/* Begin PBXResourcesBuildPhase section */
		551C838739EF2893BEA5EF37 /* Resources */ = {
			isa = PBXResourcesBuildPhase;
			buildActionMask = 2147483647;
			files = (
				33E5309FC37CCC4316AC2C31 /* Siglus.icns in Resources */,
			);
			runOnlyForDeploymentPostprocessing = 0;
		};
/* End PBXResourcesBuildPhase section */

/* Begin PBXSourcesBuildPhase section */
		383F6DD1F2A03BD3ECC87158 /* Sources */ = {
			isa = PBXSourcesBuildPhase;
			buildActionMask = 2147483647;
			files = (
				F52D76935E54071A2E88A540 /* ContentView.swift in Sources */,
				511E740C5D3601E5C2B3C630 /* GameLibrary.swift in Sources */,
				37F93A2A0FFE067C79D58FA0 /* LauncherMain.swift in Sources */,
				85E1DCBAD12FEEE9FFE48924 /* SiglusLauncherApp.swift in Sources */,
			);
			runOnlyForDeploymentPostprocessing = 0;
		};
/* End PBXSourcesBuildPhase section */

/* Begin XCBuildConfiguration section */
		835BC1A3711315815096150E /* Debug */ = {
			isa = XCBuildConfiguration;
			buildSettings = {
				ASSETCATALOG_COMPILER_APPICON_NAME = AppIcon;
				COMBINE_HIDPI_IMAGES = YES;
				INFOPLIST_FILE = SiglusLauncher/Info.plist;
				LD_RUNPATH_SEARCH_PATHS = (
					"@executable_path/../Frameworks",
				);
				LIBRARY_SEARCH_PATHS = (
					"$(PROJECT_DIR)/Vendor",
				);
				MACOSX_DEPLOYMENT_TARGET = 11.0;
				OTHER_LDFLAGS = (
					"-L$(PROJECT_DIR)/Vendor",
					"-lsiglus",
					"-Wl,-rpath,@executable_path/../Frameworks",
				);
				PRODUCT_BUNDLE_IDENTIFIER = com.chino.siglus.macos;
				PRODUCT_NAME = Siglus;
				SDKROOT = macosx;
				SWIFT_VERSION = 5.0;
			};
			name = Debug;
		};
		E02604EE4ECEA16D0BC3090B /* Release */ = {
			isa = XCBuildConfiguration;
			buildSettings = {
				ALWAYS_SEARCH_USER_PATHS = NO;
				CLANG_ANALYZER_NONNULL = YES;
				CLANG_ANALYZER_NUMBER_OBJECT_CONVERSION = YES_AGGRESSIVE;
				CLANG_CXX_LANGUAGE_STANDARD = "gnu++14";
				CLANG_CXX_LIBRARY = "libc++";
				CLANG_ENABLE_MODULES = YES;
				CLANG_ENABLE_OBJC_ARC = YES;
				CLANG_ENABLE_OBJC_WEAK = YES;
				CLANG_WARN_BLOCK_CAPTURE_AUTORELEASING = YES;
				CLANG_WARN_BOOL_CONVERSION = YES;
				CLANG_WARN_COMMA = YES;
				CLANG_WARN_CONSTANT_CONVERSION = YES;
				CLANG_WARN_DEPRECATED_OBJC_IMPLEMENTATIONS = YES;
				CLANG_WARN_DIRECT_OBJC_ISA_USAGE = YES_ERROR;
				CLANG_WARN_DOCUMENTATION_COMMENTS = YES;
				CLANG_WARN_EMPTY_BODY = YES;
				CLANG_WARN_ENUM_CONVERSION = YES;
				CLANG_WARN_INFINITE_RECURSION = YES;
				CLANG_WARN_INT_CONVERSION = YES;
				CLANG_WARN_NON_LITERAL_NULL_CONVERSION = YES;
				CLANG_WARN_OBJC_IMPLICIT_RETAIN_SELF = YES;
				CLANG_WARN_OBJC_LITERAL_CONVERSION = YES;
				CLANG_WARN_OBJC_ROOT_CLASS = YES_ERROR;
				CLANG_WARN_QUOTED_INCLUDE_IN_FRAMEWORK_HEADER = YES;
				CLANG_WARN_RANGE_LOOP_ANALYSIS = YES;
				CLANG_WARN_STRICT_PROTOTYPES = YES;
				CLANG_WARN_SUSPICIOUS_MOVE = YES;
				CLANG_WARN_UNGUARDED_AVAILABILITY = YES_AGGRESSIVE;
				CLANG_WARN_UNREACHABLE_CODE = YES;
				CLANG_WARN__DUPLICATE_METHOD_MATCH = YES;
				COPY_PHASE_STRIP = NO;
				DEBUG_INFORMATION_FORMAT = "dwarf-with-dsym";
				ENABLE_NS_ASSERTIONS = NO;
				ENABLE_STRICT_OBJC_MSGSEND = YES;
				GCC_C_LANGUAGE_STANDARD = gnu11;
				GCC_NO_COMMON_BLOCKS = YES;
				GCC_WARN_64_TO_32_BIT_CONVERSION = YES;
				GCC_WARN_ABOUT_RETURN_TYPE = YES_ERROR;
				GCC_WARN_UNDECLARED_SELECTOR = YES;
				GCC_WARN_UNINITIALIZED_AUTOS = YES_AGGRESSIVE;
				GCC_WARN_UNUSED_FUNCTION = YES;
				GCC_WARN_UNUSED_VARIABLE = YES;
				MACOSX_DEPLOYMENT_TARGET = 11.0;
				MTL_ENABLE_DEBUG_INFO = NO;
				MTL_FAST_MATH = YES;
				PRODUCT_NAME = Siglus;
				SDKROOT = macosx;
				SWIFT_COMPILATION_MODE = wholemodule;
				SWIFT_OPTIMIZATION_LEVEL = "-O";
				SWIFT_VERSION = 5.0;
			};
			name = Release;
		};
		958831549F22AF317C5BEB9E /* Debug */ = {
			isa = XCBuildConfiguration;
			buildSettings = {
				ALWAYS_SEARCH_USER_PATHS = NO;
				CLANG_ANALYZER_NONNULL = YES;
				CLANG_ANALYZER_NUMBER_OBJECT_CONVERSION = YES_AGGRESSIVE;
				CLANG_CXX_LANGUAGE_STANDARD = "gnu++14";
				CLANG_CXX_LIBRARY = "libc++";
				CLANG_ENABLE_MODULES = YES;
				CLANG_ENABLE_OBJC_ARC = YES;
				CLANG_ENABLE_OBJC_WEAK = YES;
				CLANG_WARN_BLOCK_CAPTURE_AUTORELEASING = YES;
				CLANG_WARN_BOOL_CONVERSION = YES;
				CLANG_WARN_COMMA = YES;
				CLANG_WARN_CONSTANT_CONVERSION = YES;
				CLANG_WARN_DEPRECATED_OBJC_IMPLEMENTATIONS = YES;
				CLANG_WARN_DIRECT_OBJC_ISA_USAGE = YES_ERROR;
				CLANG_WARN_DOCUMENTATION_COMMENTS = YES;
				CLANG_WARN_EMPTY_BODY = YES;
				CLANG_WARN_ENUM_CONVERSION = YES;
				CLANG_WARN_INFINITE_RECURSION = YES;
				CLANG_WARN_INT_CONVERSION = YES;
				CLANG_WARN_NON_LITERAL_NULL_CONVERSION = YES;
				CLANG_WARN_OBJC_IMPLICIT_RETAIN_SELF = YES;
				CLANG_WARN_OBJC_LITERAL_CONVERSION = YES;
				CLANG_WARN_OBJC_ROOT_CLASS = YES_ERROR;
				CLANG_WARN_QUOTED_INCLUDE_IN_FRAMEWORK_HEADER = YES;
				CLANG_WARN_RANGE_LOOP_ANALYSIS = YES;
				CLANG_WARN_STRICT_PROTOTYPES = YES;
				CLANG_WARN_SUSPICIOUS_MOVE = YES;
				CLANG_WARN_UNGUARDED_AVAILABILITY = YES_AGGRESSIVE;
				CLANG_WARN_UNREACHABLE_CODE = YES;
				CLANG_WARN__DUPLICATE_METHOD_MATCH = YES;
				COPY_PHASE_STRIP = NO;
				DEBUG_INFORMATION_FORMAT = dwarf;
				ENABLE_STRICT_OBJC_MSGSEND = YES;
				ENABLE_TESTABILITY = YES;
				GCC_C_LANGUAGE_STANDARD = gnu11;
				GCC_DYNAMIC_NO_PIC = NO;
				GCC_NO_COMMON_BLOCKS = YES;
				GCC_OPTIMIZATION_LEVEL = 0;
				GCC_PREPROCESSOR_DEFINITIONS = (
					"$(inherited)",
					"DEBUG=1",
				);
				GCC_WARN_64_TO_32_BIT_CONVERSION = YES;
				GCC_WARN_ABOUT_RETURN_TYPE = YES_ERROR;
				GCC_WARN_UNDECLARED_SELECTOR = YES;
				GCC_WARN_UNINITIALIZED_AUTOS = YES_AGGRESSIVE;
				GCC_WARN_UNUSED_FUNCTION = YES;
				GCC_WARN_UNUSED_VARIABLE = YES;
				MACOSX_DEPLOYMENT_TARGET = 11.0;
				MTL_ENABLE_DEBUG_INFO = INCLUDE_SOURCE;
				MTL_FAST_MATH = YES;
				ONLY_ACTIVE_ARCH = YES;
				PRODUCT_NAME = Siglus;
				SDKROOT = macosx;
				SWIFT_ACTIVE_COMPILATION_CONDITIONS = DEBUG;
				SWIFT_OPTIMIZATION_LEVEL = "-Onone";
				SWIFT_VERSION = 5.0;
			};
			name = Debug;
		};
		45701B5D7CE54270D4DA77FD /* Release */ = {
			isa = XCBuildConfiguration;
			buildSettings = {
				ASSETCATALOG_COMPILER_APPICON_NAME = AppIcon;
				COMBINE_HIDPI_IMAGES = YES;
				INFOPLIST_FILE = SiglusLauncher/Info.plist;
				LD_RUNPATH_SEARCH_PATHS = (
					"@executable_path/../Frameworks",
				);
				LIBRARY_SEARCH_PATHS = (
					"$(PROJECT_DIR)/Vendor",
				);
				MACOSX_DEPLOYMENT_TARGET = 11.0;
				OTHER_LDFLAGS = (
					"-L$(PROJECT_DIR)/Vendor",
					"-lsiglus",
					"-Wl,-rpath,@executable_path/../Frameworks",
				);
				PRODUCT_BUNDLE_IDENTIFIER = com.chino.siglus.macos;
				PRODUCT_NAME = Siglus;
				SDKROOT = macosx;
				SWIFT_VERSION = 5.0;
			};
			name = Release;
		};
/* End XCBuildConfiguration section */

/* Begin XCConfigurationList section */
		5EDC7DF16CD79B0B7A302FAE /* Build configuration list for PBXProject "SiglusLauncher" */ = {
			isa = XCConfigurationList;
			buildConfigurations = (
				958831549F22AF317C5BEB9E /* Debug */,
				E02604EE4ECEA16D0BC3090B /* Release */,
			);
			defaultConfigurationIsVisible = 0;
			defaultConfigurationName = Debug;
		};
		A82EAE51351E9EA8291E8CD2 /* Build configuration list for PBXNativeTarget "SiglusLauncher" */ = {
			isa = XCConfigurationList;
			buildConfigurations = (
				835BC1A3711315815096150E /* Debug */,
				45701B5D7CE54270D4DA77FD /* Release */,
			);
			defaultConfigurationIsVisible = 0;
			defaultConfigurationName = Debug;
		};
/* End XCConfigurationList section */
	};
	rootObject = FCFFB13A245126C2448DD1A7 /* Project object */;
}
